
Microsoft Visual Studio Solution File, Format Version 12.00
# Visual Studio Version 17
VisualStudioVersion = 17.11.35327.3
MinimumVisualStudioVersion = 10.0.40219.1
Project("{9A19103F-16F7-4668-BE54-9A1E7A4F7556}") = "FilmesAPI", "FilmesAPI\FilmesAPI.csproj", "{A692E61B-5AD1-4537-93DF-3BE580CCB577}"
EndProject
Global
	GlobalSection(SolutionConfigurationPlatforms) = preSolution
		Debug|Any CPU = Debug|Any CPU
		Release|Any CPU = Release|Any CPU
	EndGlobalSection
	GlobalSection(ProjectConfigurationPlatforms) = postSolution
		{A692E61B-5AD1-4537-93DF-3BE580CCB577}.Debug|Any CPU.ActiveCfg = Debug|Any CPU
		{A692E61B-5AD1-4537-93DF-3BE580CCB577}.Debug|Any CPU.Build.0 = Debug|Any CPU
		{A692E61B-5AD1-4537-93DF-3BE580CCB577}.Release|Any CPU.ActiveCfg = Release|Any CPU
		{A692E61B-5AD1-4537-93DF-3BE580CCB577}.Release|Any CPU.Build.0 = Release|Any CPU
	EndGlobalSection
	GlobalSection(SolutionProperties) = preSolution
		HideSolutionNode = FALSE
	EndGlobalSection
	GlobalSection(ExtensibilityGlobals) = postSolution
		SolutionGuid = {4467E431-B8F1-4A3C-8728-52C88ADD19CF}
	EndGlobalSection
EndGlobal
