
Microsoft Visual Studio Solution File, Format Version 12.00
# Visual Studio Version 17
VisualStudioVersion = 17.11.35327.3
MinimumVisualStudioVersion = 10.0.40219.1
Project("{2150E333-8FDC-42A3-9474-1A3956D46DE8}") = "Itens de Solução", "Itens de Solução", "{2E41A72A-75A3-41F5-AE8C-72F2D1657F8F}"
	ProjectSection(SolutionItems) = preProject
		docker-compose.yml = docker-compose.yml
	EndProjectSection
EndProject
Project("{FAE04EC0-301F-11D3-BF4B-00C04F79EFBC}") = "Frontend", "Frontend\Frontend.csproj", "{51451E19-0199-4DC9-84AA-75B9C9276761}"
EndProject
Project("{FAE04EC0-301F-11D3-BF4B-00C04F79EFBC}") = "Backend", "Backend\Backend.csproj", "{CE85E1D0-A108-4BFC-B8E2-3025C42E98E1}"
EndProject
Global
	GlobalSection(SolutionConfigurationPlatforms) = preSolution
		Debug|Any CPU = Debug|Any CPU
		Release|Any CPU = Release|Any CPU
	EndGlobalSection
	GlobalSection(ProjectConfigurationPlatforms) = postSolution
		{51451E19-0199-4DC9-84AA-75B9C9276761}.Debug|Any CPU.ActiveCfg = Debug|Any CPU
		{51451E19-0199-4DC9-84AA-75B9C9276761}.Debug|Any CPU.Build.0 = Debug|Any CPU
		{51451E19-0199-4DC9-84AA-75B9C9276761}.Release|Any CPU.ActiveCfg = Release|Any CPU
		{51451E19-0199-4DC9-84AA-75B9C9276761}.Release|Any CPU.Build.0 = Release|Any CPU
		{CE85E1D0-A108-4BFC-B8E2-3025C42E98E1}.Debug|Any CPU.ActiveCfg = Debug|Any CPU
		{CE85E1D0-A108-4BFC-B8E2-3025C42E98E1}.Debug|Any CPU.Build.0 = Debug|Any CPU
		{CE85E1D0-A108-4BFC-B8E2-3025C42E98E1}.Release|Any CPU.ActiveCfg = Release|Any CPU
		{CE85E1D0-A108-4BFC-B8E2-3025C42E98E1}.Release|Any CPU.Build.0 = Release|Any CPU
	EndGlobalSection
	GlobalSection(SolutionProperties) = preSolution
		HideSolutionNode = FALSE
	EndGlobalSection
	GlobalSection(ExtensibilityGlobals) = postSolution
		SolutionGuid = {4467E431-B8F1-4A3C-8728-52C88ADD19CF}
	EndGlobalSection
EndGlobal
